// !$*UTF8*$!
{
	archiveVersion = 1;
	classes = {
	};
	objectVersion = 46;
	objects = {

/* Begin PBXBuildFile section */
		3E10CCAB1D36B5270019F0AF /* UploadStatusView.m in Sources */ = {isa = PBXBuildFile; fileRef = 3E10CCAA1D36B5270019F0AF /* UploadStatusView.m */; };
		3E2B38E31D35410600BC3066 /* CaptureButton.m in Sources */ = {isa = PBXBuildFile; fileRef = 3E2B38E21D35410600BC3066 /* CaptureButton.m */; };
		3E2B38E71D35448000BC3066 /* UIColor+AppColors.m in Sources */ = {isa = PBXBuildFile; fileRef = 3E2B38E61D35448000BC3066 /* UIColor+AppColors.m */; };
		3E4C3E391D33AB2700B0DC3F /* Assets.xcassets in Resources */ = {isa = PBXBuildFile; fileRef = 3E4C3E301D33AB2700B0DC3F /* Assets.xcassets */; };
		3E4C3E3A1D33AB2700B0DC3F /* LaunchScreen.storyboard in Resources */ = {isa = PBXBuildFile; fileRef = 3E4C3E311D33AB2700B0DC3F /* LaunchScreen.storyboard */; };
		3E4C3E3B1D33AB2700B0DC3F /* Main.storyboard in Resources */ = {isa = PBXBuildFile; fileRef = 3E4C3E331D33AB2700B0DC3F /* Main.storyboard */; };
		3E4C3E3C1D33AB2700B0DC3F /* Info.plist in Resources */ = {isa = PBXBuildFile; fileRef = 3E4C3E361D33AB2700B0DC3F /* Info.plist */; };
		3E4C3E3D1D33AB2700B0DC3F /* main.m in Sources */ = {isa = PBXBuildFile; fileRef = 3E4C3E371D33AB2700B0DC3F /* main.m */; };
		3E4C3E421D33ACF900B0DC3F /* FaceDetector.m in Sources */ = {isa = PBXBuildFile; fileRef = 3E4C3E411D33ACF900B0DC3F /* FaceDetector.m */; };
		3E4C3E461D33ADE200B0DC3F /* AVCapturePipeline.m in Sources */ = {isa = PBXBuildFile; fileRef = 3E4C3E451D33ADE200B0DC3F /* AVCapturePipeline.m */; };
		3E4C3E4C1D33AEC300B0DC3F /* CameraViewController.m in Sources */ = {isa = PBXBuildFile; fileRef = 3E4C3E4B1D33AEC300B0DC3F /* CameraViewController.m */; };
		3E4C3E501D33AEF700B0DC3F /* AppDelegate.m in Sources */ = {isa = PBXBuildFile; fileRef = 3E4C3E4F1D33AEF700B0DC3F /* AppDelegate.m */; };
		3E4C3E541D33BBEE00B0DC3F /* FaceView.m in Sources */ = {isa = PBXBuildFile; fileRef = 3E4C3E531D33BBEE00B0DC3F /* FaceView.m */; };
		3E9CCCD11D37C72D00962CC4 /* ImageUploadRequest.m in Sources */ = {isa = PBXBuildFile; fileRef = 3E9CCCD01D37C72D00962CC4 /* ImageUploadRequest.m */; };
		3E9CCCD51D37D9AF00962CC4 /* UIImage+Size.m in Sources */ = {isa = PBXBuildFile; fileRef = 3E9CCCD41D37D9AF00962CC4 /* UIImage+Size.m */; };
		3EA176F71D365694008DCC37 /* DialogButton.m in Sources */ = {isa = PBXBuildFile; fileRef = 3EA176F61D365694008DCC37 /* DialogButton.m */; };
		3EA176FB1D3658B2008DCC37 /* NegativeDialogButton.m in Sources */ = {isa = PBXBuildFile; fileRef = 3EA176FA1D3658B2008DCC37 /* NegativeDialogButton.m */; };
		3EA176FF1D3658C9008DCC37 /* PositiveDialogButton.m in Sources */ = {isa = PBXBuildFile; fileRef = 3EA176FE1D3658C9008DCC37 /* PositiveDialogButton.m */; };
		3EA1770F1D36758B008DCC37 /* NetworkFacade.m in Sources */ = {isa = PBXBuildFile; fileRef = 3EA177041D36758B008DCC37 /* NetworkFacade.m */; };
		3EA177101D36758B008DCC37 /* NetworkOperation.m in Sources */ = {isa = PBXBuildFile; fileRef = 3EA177071D36758B008DCC37 /* NetworkOperation.m */; };
		3EA177111D36758B008DCC37 /* NetworkRequest.m in Sources */ = {isa = PBXBuildFile; fileRef = 3EA1770A1D36758B008DCC37 /* NetworkRequest.m */; };
		3EA177121D36758B008DCC37 /* SessionManager.m in Sources */ = {isa = PBXBuildFile; fileRef = 3EA1770E1D36758B008DCC37 /* SessionManager.m */; };
		3EA177161D36763A008DCC37 /* ReachabilityManager.m in Sources */ = {isa = PBXBuildFile; fileRef = 3EA177151D36763A008DCC37 /* ReachabilityManager.m */; };
		3EA1771D1D367A32008DCC37 /* InMemoryStorage.m in Sources */ = {isa = PBXBuildFile; fileRef = 3EA1771C1D367A32008DCC37 /* InMemoryStorage.m */; };
		3ED206D51D342C1D0034F870 /* RectCalculator.m in Sources */ = {isa = PBXBuildFile; fileRef = 3ED206D41D342C1D0034F870 /* RectCalculator.m */; };
		3EE48A491D34D8770073CEE9 /* FaceViewsManager.m in Sources */ = {isa = PBXBuildFile; fileRef = 3EE48A481D34D8770073CEE9 /* FaceViewsManager.m */; };
		3EE48A4D1D34EADA0073CEE9 /* CIFeature+ConvertedBounds.m in Sources */ = {isa = PBXBuildFile; fileRef = 3EE48A4C1D34EADA0073CEE9 /* CIFeature+ConvertedBounds.m */; };
		3EE48A521D3503180073CEE9 /* FaceValidator.m in Sources */ = {isa = PBXBuildFile; fileRef = 3EE48A511D3503180073CEE9 /* FaceValidator.m */; };
		3EEFF7551D35186600BA9407 /* UserInteractionMenu.m in Sources */ = {isa = PBXBuildFile; fileRef = 3EEFF7541D35186600BA9407 /* UserInteractionMenu.m */; };
		61A20CC4E8AD2B2FAAE37F93 /* libPods-Phototest.a in Frameworks */ = {isa = PBXBuildFile; fileRef = 9F8E56C64BBA80179DE606D1 /* libPods-Phototest.a */; };
/* End PBXBuildFile section */

/* Begin PBXFileReference section */
		3E10CCA91D36B5270019F0AF /* UploadStatusView.h */ = {isa = PBXFileReference; fileEncoding = 4; lastKnownFileType = sourcecode.c.h; name = UploadStatusView.h; path = "Presentation Layer/Camera Scene/UploadStatusView/UploadStatusView.h"; sourceTree = "<group>"; };
		3E10CCAA1D36B5270019F0AF /* UploadStatusView.m */ = {isa = PBXFileReference; fileEncoding = 4; lastKnownFileType = sourcecode.c.objc; name = UploadStatusView.m; path = "Presentation Layer/Camera Scene/UploadStatusView/UploadStatusView.m"; sourceTree = "<group>"; };
		3E1C54371D35152B004A7296 /* FaceValidation.h */ = {isa = PBXFileReference; lastKnownFileType = sourcecode.c.h; name = FaceValidation.h; path = "Business Logic/FacesValidator/FaceValidation.h"; sourceTree = "<group>"; };
		3E2B38E11D35410600BC3066 /* CaptureButton.h */ = {isa = PBXFileReference; fileEncoding = 4; lastKnownFileType = sourcecode.c.h; name = CaptureButton.h; path = "Presentation Layer/Camera Scene/CaptureButton/CaptureButton.h"; sourceTree = "<group>"; };
		3E2B38E21D35410600BC3066 /* CaptureButton.m */ = {isa = PBXFileReference; fileEncoding = 4; lastKnownFileType = sourcecode.c.objc; name = CaptureButton.m; path = "Presentation Layer/Camera Scene/CaptureButton/CaptureButton.m"; sourceTree = "<group>"; };
		3E2B38E51D35448000BC3066 /* UIColor+AppColors.h */ = {isa = PBXFileReference; fileEncoding = 4; lastKnownFileType = sourcecode.c.h; name = "UIColor+AppColors.h"; path = "Categories/UIColor+AppColors/UIColor+AppColors.h"; sourceTree = "<group>"; };
		3E2B38E61D35448000BC3066 /* UIColor+AppColors.m */ = {isa = PBXFileReference; fileEncoding = 4; lastKnownFileType = sourcecode.c.objc; name = "UIColor+AppColors.m"; path = "Categories/UIColor+AppColors/UIColor+AppColors.m"; sourceTree = "<group>"; };
		3E4C3E121D33A8FA00B0DC3F /* Phototest.app */ = {isa = PBXFileReference; explicitFileType = wrapper.application; includeInIndex = 0; path = Phototest.app; sourceTree = BUILT_PRODUCTS_DIR; };
		3E4C3E301D33AB2700B0DC3F /* Assets.xcassets */ = {isa = PBXFileReference; lastKnownFileType = folder.assetcatalog; path = Assets.xcassets; sourceTree = "<group>"; };
		3E4C3E321D33AB2700B0DC3F /* Base */ = {isa = PBXFileReference; lastKnownFileType = file.storyboard; name = Base; path = Base.lproj/LaunchScreen.storyboard; sourceTree = "<group>"; };
		3E4C3E341D33AB2700B0DC3F /* Base */ = {isa = PBXFileReference; lastKnownFileType = file.storyboard; name = Base; path = Base.lproj/Main.storyboard; sourceTree = "<group>"; };
		3E4C3E361D33AB2700B0DC3F /* Info.plist */ = {isa = PBXFileReference; fileEncoding = 4; lastKnownFileType = text.plist.xml; path = Info.plist; sourceTree = "<group>"; };
		3E4C3E371D33AB2700B0DC3F /* main.m */ = {isa = PBXFileReference; fileEncoding = 4; lastKnownFileType = sourcecode.c.objc; path = main.m; sourceTree = "<group>"; };
		3E4C3E401D33ACF900B0DC3F /* FaceDetector.h */ = {isa = PBXFileReference; fileEncoding = 4; lastKnownFileType = sourcecode.c.h; name = FaceDetector.h; path = "Business Logic/FaceDetector/FaceDetector.h"; sourceTree = "<group>"; };
		3E4C3E411D33ACF900B0DC3F /* FaceDetector.m */ = {isa = PBXFileReference; fileEncoding = 4; lastKnownFileType = sourcecode.c.objc; name = FaceDetector.m; path = "Business Logic/FaceDetector/FaceDetector.m"; sourceTree = "<group>"; };
		3E4C3E441D33ADE200B0DC3F /* AVCapturePipeline.h */ = {isa = PBXFileReference; fileEncoding = 4; lastKnownFileType = sourcecode.c.h; path = AVCapturePipeline.h; sourceTree = "<group>"; };
		3E4C3E451D33ADE200B0DC3F /* AVCapturePipeline.m */ = {isa = PBXFileReference; fileEncoding = 4; lastKnownFileType = sourcecode.c.objc; path = AVCapturePipeline.m; sourceTree = "<group>"; };
		3E4C3E4A1D33AEC300B0DC3F /* CameraViewController.h */ = {isa = PBXFileReference; fileEncoding = 4; lastKnownFileType = sourcecode.c.h; name = CameraViewController.h; path = "Presentation Layer/Camera Scene/CameraViewController/CameraViewController.h"; sourceTree = "<group>"; };
		3E4C3E4B1D33AEC300B0DC3F /* CameraViewController.m */ = {isa = PBXFileReference; fileEncoding = 4; lastKnownFileType = sourcecode.c.objc; name = CameraViewController.m; path = "Presentation Layer/Camera Scene/CameraViewController/CameraViewController.m"; sourceTree = "<group>"; };
		3E4C3E4E1D33AEF700B0DC3F /* AppDelegate.h */ = {isa = PBXFileReference; fileEncoding = 4; lastKnownFileType = sourcecode.c.h; path = AppDelegate.h; sourceTree = "<group>"; };
		3E4C3E4F1D33AEF700B0DC3F /* AppDelegate.m */ = {isa = PBXFileReference; fileEncoding = 4; lastKnownFileType = sourcecode.c.objc; path = AppDelegate.m; sourceTree = "<group>"; };
		3E4C3E521D33BBEE00B0DC3F /* FaceView.h */ = {isa = PBXFileReference; fileEncoding = 4; lastKnownFileType = sourcecode.c.h; name = FaceView.h; path = "Presentation Layer/Camera Scene/FaceView/FaceView.h"; sourceTree = "<group>"; };
		3E4C3E531D33BBEE00B0DC3F /* FaceView.m */ = {isa = PBXFileReference; fileEncoding = 4; lastKnownFileType = sourcecode.c.objc; name = FaceView.m; path = "Presentation Layer/Camera Scene/FaceView/FaceView.m"; sourceTree = "<group>"; };
		3E9CCCCF1D37C72D00962CC4 /* ImageUploadRequest.h */ = {isa = PBXFileReference; fileEncoding = 4; lastKnownFileType = sourcecode.c.h; path = ImageUploadRequest.h; sourceTree = "<group>"; };
		3E9CCCD01D37C72D00962CC4 /* ImageUploadRequest.m */ = {isa = PBXFileReference; fileEncoding = 4; lastKnownFileType = sourcecode.c.objc; path = ImageUploadRequest.m; sourceTree = "<group>"; };
		3E9CCCD31D37D9AF00962CC4 /* UIImage+Size.h */ = {isa = PBXFileReference; fileEncoding = 4; lastKnownFileType = sourcecode.c.h; path = "UIImage+Size.h"; sourceTree = "<group>"; };
		3E9CCCD41D37D9AF00962CC4 /* UIImage+Size.m */ = {isa = PBXFileReference; fileEncoding = 4; lastKnownFileType = sourcecode.c.objc; path = "UIImage+Size.m"; sourceTree = "<group>"; };
		3EA176F51D365694008DCC37 /* DialogButton.h */ = {isa = PBXFileReference; fileEncoding = 4; lastKnownFileType = sourcecode.c.h; name = DialogButton.h; path = "Presentation Layer/Camera Scene/DialogButton/DialogButton.h"; sourceTree = "<group>"; };
		3EA176F61D365694008DCC37 /* DialogButton.m */ = {isa = PBXFileReference; fileEncoding = 4; lastKnownFileType = sourcecode.c.objc; name = DialogButton.m; path = "Presentation Layer/Camera Scene/DialogButton/DialogButton.m"; sourceTree = "<group>"; };
		3EA176F91D3658B2008DCC37 /* NegativeDialogButton.h */ = {isa = PBXFileReference; fileEncoding = 4; lastKnownFileType = sourcecode.c.h; name = NegativeDialogButton.h; path = "Presentation Layer/Camera Scene/DialogButton/NegativeDialogButton/NegativeDialogButton.h"; sourceTree = "<group>"; };
		3EA176FA1D3658B2008DCC37 /* NegativeDialogButton.m */ = {isa = PBXFileReference; fileEncoding = 4; lastKnownFileType = sourcecode.c.objc; name = NegativeDialogButton.m; path = "Presentation Layer/Camera Scene/DialogButton/NegativeDialogButton/NegativeDialogButton.m"; sourceTree = "<group>"; };
		3EA176FD1D3658C9008DCC37 /* PositiveDialogButton.h */ = {isa = PBXFileReference; fileEncoding = 4; lastKnownFileType = sourcecode.c.h; name = PositiveDialogButton.h; path = "Presentation Layer/Camera Scene/DialogButton/PositiveDialogButton/PositiveDialogButton.h"; sourceTree = "<group>"; };
		3EA176FE1D3658C9008DCC37 /* PositiveDialogButton.m */ = {isa = PBXFileReference; fileEncoding = 4; lastKnownFileType = sourcecode.c.objc; name = PositiveDialogButton.m; path = "Presentation Layer/Camera Scene/DialogButton/PositiveDialogButton/PositiveDialogButton.m"; sourceTree = "<group>"; };
		3EA177031D36758B008DCC37 /* NetworkFacade.h */ = {isa = PBXFileReference; fileEncoding = 4; lastKnownFileType = sourcecode.c.h; path = NetworkFacade.h; sourceTree = "<group>"; };
		3EA177041D36758B008DCC37 /* NetworkFacade.m */ = {isa = PBXFileReference; fileEncoding = 4; lastKnownFileType = sourcecode.c.objc; path = NetworkFacade.m; sourceTree = "<group>"; };
		3EA177061D36758B008DCC37 /* NetworkOperation.h */ = {isa = PBXFileReference; fileEncoding = 4; lastKnownFileType = sourcecode.c.h; path = NetworkOperation.h; sourceTree = "<group>"; };
		3EA177071D36758B008DCC37 /* NetworkOperation.m */ = {isa = PBXFileReference; fileEncoding = 4; lastKnownFileType = sourcecode.c.objc; path = NetworkOperation.m; sourceTree = "<group>"; };
		3EA177091D36758B008DCC37 /* NetworkRequest.h */ = {isa = PBXFileReference; fileEncoding = 4; lastKnownFileType = sourcecode.c.h; path = NetworkRequest.h; sourceTree = "<group>"; };
		3EA1770A1D36758B008DCC37 /* NetworkRequest.m */ = {isa = PBXFileReference; fileEncoding = 4; lastKnownFileType = sourcecode.c.objc; path = NetworkRequest.m; sourceTree = "<group>"; };
		3EA1770D1D36758B008DCC37 /* SessionManager.h */ = {isa = PBXFileReference; fileEncoding = 4; lastKnownFileType = sourcecode.c.h; path = SessionManager.h; sourceTree = "<group>"; };
		3EA1770E1D36758B008DCC37 /* SessionManager.m */ = {isa = PBXFileReference; fileEncoding = 4; lastKnownFileType = sourcecode.c.objc; path = SessionManager.m; sourceTree = "<group>"; };
		3EA177141D36763A008DCC37 /* ReachabilityManager.h */ = {isa = PBXFileReference; fileEncoding = 4; lastKnownFileType = sourcecode.c.h; path = ReachabilityManager.h; sourceTree = "<group>"; };
		3EA177151D36763A008DCC37 /* ReachabilityManager.m */ = {isa = PBXFileReference; fileEncoding = 4; lastKnownFileType = sourcecode.c.objc; path = ReachabilityManager.m; sourceTree = "<group>"; };
		3EA1771B1D367A32008DCC37 /* InMemoryStorage.h */ = {isa = PBXFileReference; fileEncoding = 4; lastKnownFileType = sourcecode.c.h; name = InMemoryStorage.h; path = "Data Layer/InMemoryStorage/InMemoryStorage.h"; sourceTree = "<group>"; };
		3EA1771C1D367A32008DCC37 /* InMemoryStorage.m */ = {isa = PBXFileReference; fileEncoding = 4; lastKnownFileType = sourcecode.c.objc; name = InMemoryStorage.m; path = "Data Layer/InMemoryStorage/InMemoryStorage.m"; sourceTree = "<group>"; };
		3EA1771E1D367BE9008DCC37 /* PrefixHeader.pch */ = {isa = PBXFileReference; lastKnownFileType = sourcecode.c.h; path = PrefixHeader.pch; sourceTree = "<group>"; };
		3ED206D31D342C1D0034F870 /* RectCalculator.h */ = {isa = PBXFileReference; fileEncoding = 4; lastKnownFileType = sourcecode.c.h; name = RectCalculator.h; path = "Business Logic/RectCalculator/RectCalculator.h"; sourceTree = "<group>"; };
		3ED206D41D342C1D0034F870 /* RectCalculator.m */ = {isa = PBXFileReference; fileEncoding = 4; lastKnownFileType = sourcecode.c.objc; name = RectCalculator.m; path = "Business Logic/RectCalculator/RectCalculator.m"; sourceTree = "<group>"; };
		3EE48A471D34D8770073CEE9 /* FaceViewsManager.h */ = {isa = PBXFileReference; fileEncoding = 4; lastKnownFileType = sourcecode.c.h; name = FaceViewsManager.h; path = "Presentation Layer/Camera Scene/FaceViewsManager/FaceViewsManager.h"; sourceTree = "<group>"; };
		3EE48A481D34D8770073CEE9 /* FaceViewsManager.m */ = {isa = PBXFileReference; fileEncoding = 4; lastKnownFileType = sourcecode.c.objc; name = FaceViewsManager.m; path = "Presentation Layer/Camera Scene/FaceViewsManager/FaceViewsManager.m"; sourceTree = "<group>"; };
		3EE48A4B1D34EADA0073CEE9 /* CIFeature+ConvertedBounds.h */ = {isa = PBXFileReference; fileEncoding = 4; lastKnownFileType = sourcecode.c.h; name = "CIFeature+ConvertedBounds.h"; path = "Categories/CIFeature+ConvertedBounds/CIFeature+ConvertedBounds.h"; sourceTree = "<group>"; };
		3EE48A4C1D34EADA0073CEE9 /* CIFeature+ConvertedBounds.m */ = {isa = PBXFileReference; fileEncoding = 4; lastKnownFileType = sourcecode.c.objc; name = "CIFeature+ConvertedBounds.m"; path = "Categories/CIFeature+ConvertedBounds/CIFeature+ConvertedBounds.m"; sourceTree = "<group>"; };
		3EE48A501D3503180073CEE9 /* FaceValidator.h */ = {isa = PBXFileReference; fileEncoding = 4; lastKnownFileType = sourcecode.c.h; name = FaceValidator.h; path = "Business Logic/FacesValidator/FaceValidator.h"; sourceTree = "<group>"; };
		3EE48A511D3503180073CEE9 /* FaceValidator.m */ = {isa = PBXFileReference; fileEncoding = 4; lastKnownFileType = sourcecode.c.objc; name = FaceValidator.m; path = "Business Logic/FacesValidator/FaceValidator.m"; sourceTree = "<group>"; };
		3EE48A541D35112F0073CEE9 /* FaceDetection.h */ = {isa = PBXFileReference; lastKnownFileType = sourcecode.c.h; name = FaceDetection.h; path = "Business Logic/FaceDetector/FaceDetection.h"; sourceTree = "<group>"; };
		3EEFF7531D35186600BA9407 /* UserInteractionMenu.h */ = {isa = PBXFileReference; fileEncoding = 4; lastKnownFileType = sourcecode.c.h; name = UserInteractionMenu.h; path = "Presentation Layer/Camera Scene/UserInteractionMenu/UserInteractionMenu.h"; sourceTree = "<group>"; };
		3EEFF7541D35186600BA9407 /* UserInteractionMenu.m */ = {isa = PBXFileReference; fileEncoding = 4; lastKnownFileType = sourcecode.c.objc; name = UserInteractionMenu.m; path = "Presentation Layer/Camera Scene/UserInteractionMenu/UserInteractionMenu.m"; sourceTree = "<group>"; };
		52EBE9F69F95D32D281187C0 /* Pods-Phototest.release.xcconfig */ = {isa = PBXFileReference; includeInIndex = 1; lastKnownFileType = text.xcconfig; name = "Pods-Phototest.release.xcconfig"; path = "Pods/Target Support Files/Pods-Phototest/Pods-Phototest.release.xcconfig"; sourceTree = "<group>"; };
		9C39AE6E80F48CBF1A0F0290 /* Pods-Phototest.debug.xcconfig */ = {isa = PBXFileReference; includeInIndex = 1; lastKnownFileType = text.xcconfig; name = "Pods-Phototest.debug.xcconfig"; path = "Pods/Target Support Files/Pods-Phototest/Pods-Phototest.debug.xcconfig"; sourceTree = "<group>"; };
		9F8E56C64BBA80179DE606D1 /* libPods-Phototest.a */ = {isa = PBXFileReference; explicitFileType = archive.ar; includeInIndex = 0; path = "libPods-Phototest.a"; sourceTree = BUILT_PRODUCTS_DIR; };
/* End PBXFileReference section */

/* Begin PBXFrameworksBuildPhase section */
		3E4C3E0F1D33A8FA00B0DC3F /* Frameworks */ = {
			isa = PBXFrameworksBuildPhase;
			buildActionMask = 2147483647;
			files = (
				61A20CC4E8AD2B2FAAE37F93 /* libPods-Phototest.a in Frameworks */,
			);
			runOnlyForDeploymentPostprocessing = 0;
		};
/* End PBXFrameworksBuildPhase section */

/* Begin PBXGroup section */
		1503E4686084C4AF5DF95030 /* Pods */ = {
			isa = PBXGroup;
			children = (
				9C39AE6E80F48CBF1A0F0290 /* Pods-Phototest.debug.xcconfig */,
				52EBE9F69F95D32D281187C0 /* Pods-Phototest.release.xcconfig */,
			);
			name = Pods;
			sourceTree = "<group>";
		};
		3E10CCA81D36B47A0019F0AF /* UploadStatusView */ = {
			isa = PBXGroup;
			children = (
				3E10CCA91D36B5270019F0AF /* UploadStatusView.h */,
				3E10CCAA1D36B5270019F0AF /* UploadStatusView.m */,
			);
			name = UploadStatusView;
			sourceTree = "<group>";
		};
		3E2B38E01D3540E600BC3066 /* CaptureButton */ = {
			isa = PBXGroup;
			children = (
				3E2B38E11D35410600BC3066 /* CaptureButton.h */,
				3E2B38E21D35410600BC3066 /* CaptureButton.m */,
			);
			name = CaptureButton;
			sourceTree = "<group>";
		};
		3E2B38E41D35445A00BC3066 /* UIColor+AppColors */ = {
			isa = PBXGroup;
			children = (
				3E2B38E51D35448000BC3066 /* UIColor+AppColors.h */,
				3E2B38E61D35448000BC3066 /* UIColor+AppColors.m */,
			);
			name = "UIColor+AppColors";
			sourceTree = "<group>";
		};
		3E4C3E091D33A8FA00B0DC3F = {
			isa = PBXGroup;
			children = (
				3E4C3E141D33A8FA00B0DC3F /* Phototest */,
				3E4C3E131D33A8FA00B0DC3F /* Products */,
				1503E4686084C4AF5DF95030 /* Pods */,
				F36AE9A842E0ADB78B61ABF3 /* Frameworks */,
			);
			sourceTree = "<group>";
		};
		3E4C3E131D33A8FA00B0DC3F /* Products */ = {
			isa = PBXGroup;
			children = (
				3E4C3E121D33A8FA00B0DC3F /* Phototest.app */,
			);
			name = Products;
			sourceTree = "<group>";
		};
		3E4C3E141D33A8FA00B0DC3F /* Phototest */ = {
			isa = PBXGroup;
			children = (
				3EE48A4A1D34EA990073CEE9 /* Categories */,
				3E4C3E2C1D33AB2700B0DC3F /* Classes */,
				3E4C3E2F1D33AB2700B0DC3F /* Resources */,
				3E4C3E351D33AB2700B0DC3F /* SupportingFiles */,
			);
			path = Phototest;
			sourceTree = "<group>";
		};
		3E4C3E2C1D33AB2700B0DC3F /* Classes */ = {
			isa = PBXGroup;
			children = (
				3E4C3E4D1D33AEF700B0DC3F /* AppDelegate */,
				3EA177001D367404008DCC37 /* Data Layer */,
				3E4C3E471D33AE6A00B0DC3F /* Presentation Layer */,
				3E4C3E3E1D33ACC300B0DC3F /* Business Logic */,
			);
			path = Classes;
			sourceTree = "<group>";
		};
		3E4C3E2F1D33AB2700B0DC3F /* Resources */ = {
			isa = PBXGroup;
			children = (
				3E4C3E301D33AB2700B0DC3F /* Assets.xcassets */,
				3E4C3E311D33AB2700B0DC3F /* LaunchScreen.storyboard */,
				3E4C3E331D33AB2700B0DC3F /* Main.storyboard */,
			);
			path = Resources;
			sourceTree = "<group>";
		};
		3E4C3E351D33AB2700B0DC3F /* SupportingFiles */ = {
			isa = PBXGroup;
			children = (
				3E4C3E361D33AB2700B0DC3F /* Info.plist */,
				3E4C3E371D33AB2700B0DC3F /* main.m */,
				3EA1771E1D367BE9008DCC37 /* PrefixHeader.pch */,
			);
			path = SupportingFiles;
			sourceTree = "<group>";
		};
		3E4C3E3E1D33ACC300B0DC3F /* Business Logic */ = {
			isa = PBXGroup;
			children = (
				3E4C3E3F1D33ACDE00B0DC3F /* FaceDetector */,
				3EE48A4F1D35027C0073CEE9 /* FacesValidator */,
				3ED206D21D342C080034F870 /* RectCalculator */,
				3E4C3E431D33ADE200B0DC3F /* AVCapturePipeline */,
			);
			name = "Business Logic";
			sourceTree = "<group>";
		};
		3E4C3E3F1D33ACDE00B0DC3F /* FaceDetector */ = {
			isa = PBXGroup;
			children = (
				3EE48A541D35112F0073CEE9 /* FaceDetection.h */,
				3E4C3E401D33ACF900B0DC3F /* FaceDetector.h */,
				3E4C3E411D33ACF900B0DC3F /* FaceDetector.m */,
			);
			name = FaceDetector;
			sourceTree = "<group>";
		};
		3E4C3E431D33ADE200B0DC3F /* AVCapturePipeline */ = {
			isa = PBXGroup;
			children = (
				3E4C3E441D33ADE200B0DC3F /* AVCapturePipeline.h */,
				3E4C3E451D33ADE200B0DC3F /* AVCapturePipeline.m */,
			);
			name = AVCapturePipeline;
			path = "Business Logic/AVCapturePipeline";
			sourceTree = "<group>";
		};
		3E4C3E471D33AE6A00B0DC3F /* Presentation Layer */ = {
			isa = PBXGroup;
			children = (
				3E4C3E481D33AE7D00B0DC3F /* Camera Scene */,
			);
			name = "Presentation Layer";
			sourceTree = "<group>";
		};
		3E4C3E481D33AE7D00B0DC3F /* Camera Scene */ = {
			isa = PBXGroup;
			children = (
				3E10CCA81D36B47A0019F0AF /* UploadStatusView */,
				3EA176F41D365669008DCC37 /* DialogButton */,
				3E2B38E01D3540E600BC3066 /* CaptureButton */,
				3EEFF7521D35181D00BA9407 /* UserInteractionMenu */,
				3EE48A461D34D7BD0073CEE9 /* FaceViewsManager */,
				3E4C3E511D33BBC600B0DC3F /* FaceView */,
				3E4C3E491D33AE8500B0DC3F /* CameraViewController */,
			);
			name = "Camera Scene";
			sourceTree = "<group>";
		};
		3E4C3E491D33AE8500B0DC3F /* CameraViewController */ = {
			isa = PBXGroup;
			children = (
				3E4C3E4A1D33AEC300B0DC3F /* CameraViewController.h */,
				3E4C3E4B1D33AEC300B0DC3F /* CameraViewController.m */,
			);
			name = CameraViewController;
			sourceTree = "<group>";
		};
		3E4C3E4D1D33AEF700B0DC3F /* AppDelegate */ = {
			isa = PBXGroup;
			children = (
				3E4C3E4E1D33AEF700B0DC3F /* AppDelegate.h */,
				3E4C3E4F1D33AEF700B0DC3F /* AppDelegate.m */,
			);
			path = AppDelegate;
			sourceTree = "<group>";
		};
		3E4C3E511D33BBC600B0DC3F /* FaceView */ = {
			isa = PBXGroup;
			children = (
				3E4C3E521D33BBEE00B0DC3F /* FaceView.h */,
				3E4C3E531D33BBEE00B0DC3F /* FaceView.m */,
			);
			name = FaceView;
			sourceTree = "<group>";
		};
		3E9CCCCE1D37C72D00962CC4 /* ImageUploadRequest */ = {
			isa = PBXGroup;
			children = (
				3E9CCCCF1D37C72D00962CC4 /* ImageUploadRequest.h */,
				3E9CCCD01D37C72D00962CC4 /* ImageUploadRequest.m */,
			);
			path = ImageUploadRequest;
			sourceTree = "<group>";
		};
		3E9CCCD21D37D9AF00962CC4 /* UIImage+Size */ = {
			isa = PBXGroup;
			children = (
				3E9CCCD31D37D9AF00962CC4 /* UIImage+Size.h */,
				3E9CCCD41D37D9AF00962CC4 /* UIImage+Size.m */,
			);
			name = "UIImage+Size";
			path = "Categories/UIImage+Size";
			sourceTree = "<group>";
		};
		3EA176F41D365669008DCC37 /* DialogButton */ = {
			isa = PBXGroup;
			children = (
				3EA176FC1D3658B6008DCC37 /* PositiveDialogButton */,
				3EA176F81D365897008DCC37 /* NegativeDialogButton */,
				3EA176F51D365694008DCC37 /* DialogButton.h */,
				3EA176F61D365694008DCC37 /* DialogButton.m */,
			);
			name = DialogButton;
			sourceTree = "<group>";
		};
		3EA176F81D365897008DCC37 /* NegativeDialogButton */ = {
			isa = PBXGroup;
			children = (
				3EA176F91D3658B2008DCC37 /* NegativeDialogButton.h */,
				3EA176FA1D3658B2008DCC37 /* NegativeDialogButton.m */,
			);
			name = NegativeDialogButton;
			sourceTree = "<group>";
		};
		3EA176FC1D3658B6008DCC37 /* PositiveDialogButton */ = {
			isa = PBXGroup;
			children = (
				3EA176FD1D3658C9008DCC37 /* PositiveDialogButton.h */,
				3EA176FE1D3658C9008DCC37 /* PositiveDialogButton.m */,
			);
			name = PositiveDialogButton;
			sourceTree = "<group>";
		};
		3EA177001D367404008DCC37 /* Data Layer */ = {
			isa = PBXGroup;
			children = (
				3EA1771A1D367A1A008DCC37 /* InMemoryStorage */,
				3EA177011D3674B3008DCC37 /* Networking */,
			);
			name = "Data Layer";
			sourceTree = "<group>";
		};
		3EA177011D3674B3008DCC37 /* Networking */ = {
			isa = PBXGroup;
			children = (
				3EA177131D36763A008DCC37 /* ReachabilityManager */,
				3EA177021D36758B008DCC37 /* NetworkFacade */,
				3EA177051D36758B008DCC37 /* NetworkOperation */,
				3EA177081D36758B008DCC37 /* NetworkRequest */,
				3EA1770B1D36758B008DCC37 /* Requests */,
				3EA1770C1D36758B008DCC37 /* SessionManager */,
			);
			name = Networking;
			sourceTree = "<group>";
		};
		3EA177021D36758B008DCC37 /* NetworkFacade */ = {
			isa = PBXGroup;
			children = (
				3EA177031D36758B008DCC37 /* NetworkFacade.h */,
				3EA177041D36758B008DCC37 /* NetworkFacade.m */,
			);
			name = NetworkFacade;
			path = "Data Layer/Networking/NetworkFacade";
			sourceTree = "<group>";
		};
		3EA177051D36758B008DCC37 /* NetworkOperation */ = {
			isa = PBXGroup;
			children = (
				3EA177061D36758B008DCC37 /* NetworkOperation.h */,
				3EA177071D36758B008DCC37 /* NetworkOperation.m */,
			);
			name = NetworkOperation;
			path = "Data Layer/Networking/NetworkOperation";
			sourceTree = "<group>";
		};
		3EA177081D36758B008DCC37 /* NetworkRequest */ = {
			isa = PBXGroup;
			children = (
				3EA177091D36758B008DCC37 /* NetworkRequest.h */,
				3EA1770A1D36758B008DCC37 /* NetworkRequest.m */,
			);
			name = NetworkRequest;
			path = "Data Layer/Networking/NetworkRequest";
			sourceTree = "<group>";
		};
		3EA1770B1D36758B008DCC37 /* Requests */ = {
			isa = PBXGroup;
			children = (
				3E9CCCCE1D37C72D00962CC4 /* ImageUploadRequest */,
			);
			name = Requests;
			path = "Data Layer/Networking/Requests";
			sourceTree = "<group>";
		};
		3EA1770C1D36758B008DCC37 /* SessionManager */ = {
			isa = PBXGroup;
			children = (
				3EA1770D1D36758B008DCC37 /* SessionManager.h */,
				3EA1770E1D36758B008DCC37 /* SessionManager.m */,
			);
			name = SessionManager;
			path = "Data Layer/Networking/SessionManager";
			sourceTree = "<group>";
		};
		3EA177131D36763A008DCC37 /* ReachabilityManager */ = {
			isa = PBXGroup;
			children = (
				3EA177141D36763A008DCC37 /* ReachabilityManager.h */,
				3EA177151D36763A008DCC37 /* ReachabilityManager.m */,
			);
			name = ReachabilityManager;
			path = "Data Layer/Networking/ReachabilityManager";
			sourceTree = "<group>";
		};
		3EA1771A1D367A1A008DCC37 /* InMemoryStorage */ = {
			isa = PBXGroup;
			children = (
				3EA1771B1D367A32008DCC37 /* InMemoryStorage.h */,
				3EA1771C1D367A32008DCC37 /* InMemoryStorage.m */,
			);
			name = InMemoryStorage;
			sourceTree = "<group>";
		};
		3ED206D21D342C080034F870 /* RectCalculator */ = {
			isa = PBXGroup;
			children = (
				3ED206D31D342C1D0034F870 /* RectCalculator.h */,
				3ED206D41D342C1D0034F870 /* RectCalculator.m */,
			);
			name = RectCalculator;
			sourceTree = "<group>";
		};
		3EE48A461D34D7BD0073CEE9 /* FaceViewsManager */ = {
			isa = PBXGroup;
			children = (
				3EE48A471D34D8770073CEE9 /* FaceViewsManager.h */,
				3EE48A481D34D8770073CEE9 /* FaceViewsManager.m */,
			);
			name = FaceViewsManager;
			sourceTree = "<group>";
		};
		3EE48A4A1D34EA990073CEE9 /* Categories */ = {
			isa = PBXGroup;
			children = (
				3E9CCCD21D37D9AF00962CC4 /* UIImage+Size */,
				3E2B38E41D35445A00BC3066 /* UIColor+AppColors */,
				3EE48A4E1D34EADD0073CEE9 /* CIFeature+ConvertedBounds */,
			);
			name = Categories;
			sourceTree = "<group>";
		};
		3EE48A4E1D34EADD0073CEE9 /* CIFeature+ConvertedBounds */ = {
			isa = PBXGroup;
			children = (
				3EE48A4B1D34EADA0073CEE9 /* CIFeature+ConvertedBounds.h */,
				3EE48A4C1D34EADA0073CEE9 /* CIFeature+ConvertedBounds.m */,
			);
			name = "CIFeature+ConvertedBounds";
			sourceTree = "<group>";
		};
		3EE48A4F1D35027C0073CEE9 /* FacesValidator */ = {
			isa = PBXGroup;
			children = (
				3E1C54371D35152B004A7296 /* FaceValidation.h */,
				3EE48A501D3503180073CEE9 /* FaceValidator.h */,
				3EE48A511D3503180073CEE9 /* FaceValidator.m */,
			);
			name = FacesValidator;
			sourceTree = "<group>";
		};
		3EEFF7521D35181D00BA9407 /* UserInteractionMenu */ = {
			isa = PBXGroup;
			children = (
				3EEFF7531D35186600BA9407 /* UserInteractionMenu.h */,
				3EEFF7541D35186600BA9407 /* UserInteractionMenu.m */,
			);
			name = UserInteractionMenu;
			sourceTree = "<group>";
		};
		F36AE9A842E0ADB78B61ABF3 /* Frameworks */ = {
			isa = PBXGroup;
			children = (
				9F8E56C64BBA80179DE606D1 /* libPods-Phototest.a */,
			);
			name = Frameworks;
			sourceTree = "<group>";
		};
/* End PBXGroup section */

/* Begin PBXNativeTarget section */
		3E4C3E111D33A8FA00B0DC3F /* Phototest */ = {
			isa = PBXNativeTarget;
			buildConfigurationList = 3E4C3E291D33A8FA00B0DC3F /* Build configuration list for PBXNativeTarget "Phototest" */;
			buildPhases = (
				F9F7BC726F24C4820B6CE1D0 /* 📦 Check Pods Manifest.lock */,
				3E4C3E0E1D33A8FA00B0DC3F /* Sources */,
				3E4C3E0F1D33A8FA00B0DC3F /* Frameworks */,
				3E4C3E101D33A8FA00B0DC3F /* Resources */,
				661C6335B1FAE29D0DA8E5C7 /* 📦 Embed Pods Frameworks */,
				83B0ECE55FAD902F31027377 /* 📦 Copy Pods Resources */,
			);
			buildRules = (
			);
			dependencies = (
			);
			name = Phototest;
			productName = Phototest;
			productReference = 3E4C3E121D33A8FA00B0DC3F /* Phototest.app */;
			productType = "com.apple.product-type.application";
		};
/* End PBXNativeTarget section */

/* Begin PBXProject section */
		3E4C3E0A1D33A8FA00B0DC3F /* Project object */ = {
			isa = PBXProject;
			attributes = {
				LastUpgradeCheck = 0730;
				ORGANIZATIONNAME = "Pavlo Muratov";
				TargetAttributes = {
					3E4C3E111D33A8FA00B0DC3F = {
						CreatedOnToolsVersion = 7.3.1;
					};
				};
			};
			buildConfigurationList = 3E4C3E0D1D33A8FA00B0DC3F /* Build configuration list for PBXProject "Phototest" */;
			compatibilityVersion = "Xcode 3.2";
			developmentRegion = English;
			hasScannedForEncodings = 0;
			knownRegions = (
				en,
				Base,
			);
			mainGroup = 3E4C3E091D33A8FA00B0DC3F;
			productRefGroup = 3E4C3E131D33A8FA00B0DC3F /* Products */;
			projectDirPath = "";
			projectRoot = "";
			targets = (
				3E4C3E111D33A8FA00B0DC3F /* Phototest */,
			);
		};
/* End PBXProject section */

/* Begin PBXResourcesBuildPhase section */
		3E4C3E101D33A8FA00B0DC3F /* Resources */ = {
			isa = PBXResourcesBuildPhase;
			buildActionMask = 2147483647;
			files = (
				3E4C3E3C1D33AB2700B0DC3F /* Info.plist in Resources */,
				3E4C3E3B1D33AB2700B0DC3F /* Main.storyboard in Resources */,
				3E4C3E391D33AB2700B0DC3F /* Assets.xcassets in Resources */,
				3E4C3E3A1D33AB2700B0DC3F /* LaunchScreen.storyboard in Resources */,
			);
			runOnlyForDeploymentPostprocessing = 0;
		};
/* End PBXResourcesBuildPhase section */

/* Begin PBXShellScriptBuildPhase section */
		661C6335B1FAE29D0DA8E5C7 /* 📦 Embed Pods Frameworks */ = {
			isa = PBXShellScriptBuildPhase;
			buildActionMask = 2147483647;
			files = (
			);
			inputPaths = (
			);
			name = "📦 Embed Pods Frameworks";
			outputPaths = (
			);
			runOnlyForDeploymentPostprocessing = 0;
			shellPath = /bin/sh;
			shellScript = "\"${SRCROOT}/Pods/Target Support Files/Pods-Phototest/Pods-Phototest-frameworks.sh\"\n";
			showEnvVarsInLog = 0;
		};
		83B0ECE55FAD902F31027377 /* 📦 Copy Pods Resources */ = {
			isa = PBXShellScriptBuildPhase;
			buildActionMask = 2147483647;
			files = (
			);
			inputPaths = (
			);
			name = "📦 Copy Pods Resources";
			outputPaths = (
			);
			runOnlyForDeploymentPostprocessing = 0;
			shellPath = /bin/sh;
			shellScript = "\"${SRCROOT}/Pods/Target Support Files/Pods-Phototest/Pods-Phototest-resources.sh\"\n";
			showEnvVarsInLog = 0;
		};
		F9F7BC726F24C4820B6CE1D0 /* 📦 Check Pods Manifest.lock */ = {
			isa = PBXShellScriptBuildPhase;
			buildActionMask = 2147483647;
			files = (
			);
			inputPaths = (
			);
			name = "📦 Check Pods Manifest.lock";
			outputPaths = (
			);
			runOnlyForDeploymentPostprocessing = 0;
			shellPath = /bin/sh;
			shellScript = "diff \"${PODS_ROOT}/../Podfile.lock\" \"${PODS_ROOT}/Manifest.lock\" > /dev/null\nif [[ $? != 0 ]] ; then\n    cat << EOM\nerror: The sandbox is not in sync with the Podfile.lock. Run 'pod install' or update your CocoaPods installation.\nEOM\n    exit 1\nfi\n";
			showEnvVarsInLog = 0;
		};
/* End PBXShellScriptBuildPhase section */

/* Begin PBXSourcesBuildPhase section */
		3E4C3E0E1D33A8FA00B0DC3F /* Sources */ = {
			isa = PBXSourcesBuildPhase;
			buildActionMask = 2147483647;
			files = (
				3E9CCCD11D37C72D00962CC4 /* ImageUploadRequest.m in Sources */,
				3EA176FF1D3658C9008DCC37 /* PositiveDialogButton.m in Sources */,
				3E4C3E4C1D33AEC300B0DC3F /* CameraViewController.m in Sources */,
				3EA177111D36758B008DCC37 /* NetworkRequest.m in Sources */,
				3EE48A4D1D34EADA0073CEE9 /* CIFeature+ConvertedBounds.m in Sources */,
				3E4C3E421D33ACF900B0DC3F /* FaceDetector.m in Sources */,
				3E2B38E71D35448000BC3066 /* UIColor+AppColors.m in Sources */,
				3EA177161D36763A008DCC37 /* ReachabilityManager.m in Sources */,
				3EE48A521D3503180073CEE9 /* FaceValidator.m in Sources */,
				3EA176F71D365694008DCC37 /* DialogButton.m in Sources */,
				3EEFF7551D35186600BA9407 /* UserInteractionMenu.m in Sources */,
				3E4C3E3D1D33AB2700B0DC3F /* main.m in Sources */,
				3EA177121D36758B008DCC37 /* SessionManager.m in Sources */,
				3E2B38E31D35410600BC3066 /* CaptureButton.m in Sources */,
				3ED206D51D342C1D0034F870 /* RectCalculator.m in Sources */,
				3EA176FB1D3658B2008DCC37 /* NegativeDialogButton.m in Sources */,
				3E4C3E541D33BBEE00B0DC3F /* FaceView.m in Sources */,
				3E10CCAB1D36B5270019F0AF /* UploadStatusView.m in Sources */,
				3EE48A491D34D8770073CEE9 /* FaceViewsManager.m in Sources */,
				3E4C3E461D33ADE200B0DC3F /* AVCapturePipeline.m in Sources */,
				3EA1770F1D36758B008DCC37 /* NetworkFacade.m in Sources */,
				3EA177101D36758B008DCC37 /* NetworkOperation.m in Sources */,
				3E9CCCD51D37D9AF00962CC4 /* UIImage+Size.m in Sources */,
				3EA1771D1D367A32008DCC37 /* InMemoryStorage.m in Sources */,
				3E4C3E501D33AEF700B0DC3F /* AppDelegate.m in Sources */,
			);
			runOnlyForDeploymentPostprocessing = 0;
		};
/* End PBXSourcesBuildPhase section */

/* Begin PBXVariantGroup section */
		3E4C3E311D33AB2700B0DC3F /* LaunchScreen.storyboard */ = {
			isa = PBXVariantGroup;
			children = (
				3E4C3E321D33AB2700B0DC3F /* Base */,
			);
			name = LaunchScreen.storyboard;
			sourceTree = "<group>";
		};
		3E4C3E331D33AB2700B0DC3F /* Main.storyboard */ = {
			isa = PBXVariantGroup;
			children = (
				3E4C3E341D33AB2700B0DC3F /* Base */,
			);
			name = Main.storyboard;
			sourceTree = "<group>";
		};
/* End PBXVariantGroup section */

/* Begin XCBuildConfiguration section */
		3E4C3E271D33A8FA00B0DC3F /* Debug */ = {
			isa = XCBuildConfiguration;
			buildSettings = {
				ALWAYS_SEARCH_USER_PATHS = NO;
				CLANG_ANALYZER_NONNULL = YES;
				CLANG_CXX_LANGUAGE_STANDARD = "gnu++0x";
				CLANG_CXX_LIBRARY = "libc++";
				CLANG_ENABLE_MODULES = YES;
				CLANG_ENABLE_OBJC_ARC = YES;
				CLANG_WARN_BOOL_CONVERSION = YES;
				CLANG_WARN_CONSTANT_CONVERSION = YES;
				CLANG_WARN_DIRECT_OBJC_ISA_USAGE = YES_ERROR;
				CLANG_WARN_EMPTY_BODY = YES;
				CLANG_WARN_ENUM_CONVERSION = YES;
				CLANG_WARN_INT_CONVERSION = YES;
				CLANG_WARN_OBJC_ROOT_CLASS = YES_ERROR;
				CLANG_WARN_UNREACHABLE_CODE = YES;
				CLANG_WARN__DUPLICATE_METHOD_MATCH = YES;
				"CODE_SIGN_IDENTITY[sdk=iphoneos*]" = "iPhone Developer";
				COPY_PHASE_STRIP = NO;
				DEBUG_INFORMATION_FORMAT = dwarf;
				ENABLE_STRICT_OBJC_MSGSEND = YES;
				ENABLE_TESTABILITY = YES;
				GCC_C_LANGUAGE_STANDARD = gnu99;
				GCC_DYNAMIC_NO_PIC = NO;
				GCC_NO_COMMON_BLOCKS = YES;
				GCC_OPTIMIZATION_LEVEL = 0;
				GCC_PREPROCESSOR_DEFINITIONS = (
					"DEBUG=1",
					"$(inherited)",
				);
				GCC_WARN_64_TO_32_BIT_CONVERSION = YES;
				GCC_WARN_ABOUT_RETURN_TYPE = YES_ERROR;
				GCC_WARN_UNDECLARED_SELECTOR = YES;
				GCC_WARN_UNINITIALIZED_AUTOS = YES_AGGRESSIVE;
				GCC_WARN_UNUSED_FUNCTION = YES;
				GCC_WARN_UNUSED_VARIABLE = YES;
				IPHONEOS_DEPLOYMENT_TARGET = 9.3;
				MTL_ENABLE_DEBUG_INFO = YES;
				ONLY_ACTIVE_ARCH = YES;
				SDKROOT = iphoneos;
				TARGETED_DEVICE_FAMILY = "1,2";
			};
			name = Debug;
		};
		3E4C3E281D33A8FA00B0DC3F /* Release */ = {
			isa = XCBuildConfiguration;
			buildSettings = {
				ALWAYS_SEARCH_USER_PATHS = NO;
				CLANG_ANALYZER_NONNULL = YES;
				CLANG_CXX_LANGUAGE_STANDARD = "gnu++0x";
				CLANG_CXX_LIBRARY = "libc++";
				CLANG_ENABLE_MODULES = YES;
				CLANG_ENABLE_OBJC_ARC = YES;
				CLANG_WARN_BOOL_CONVERSION = YES;
				CLANG_WARN_CONSTANT_CONVERSION = YES;
				CLANG_WARN_DIRECT_OBJC_ISA_USAGE = YES_ERROR;
				CLANG_WARN_EMPTY_BODY = YES;
				CLANG_WARN_ENUM_CONVERSION = YES;
				CLANG_WARN_INT_CONVERSION = YES;
				CLANG_WARN_OBJC_ROOT_CLASS = YES_ERROR;
				CLANG_WARN_UNREACHABLE_CODE = YES;
				CLANG_WARN__DUPLICATE_METHOD_MATCH = YES;
				"CODE_SIGN_IDENTITY[sdk=iphoneos*]" = "iPhone Developer";
				COPY_PHASE_STRIP = NO;
				DEBUG_INFORMATION_FORMAT = "dwarf-with-dsym";
				ENABLE_NS_ASSERTIONS = NO;
				ENABLE_STRICT_OBJC_MSGSEND = YES;
				GCC_C_LANGUAGE_STANDARD = gnu99;
				GCC_NO_COMMON_BLOCKS = YES;
				GCC_WARN_64_TO_32_BIT_CONVERSION = YES;
				GCC_WARN_ABOUT_RETURN_TYPE = YES_ERROR;
				GCC_WARN_UNDECLARED_SELECTOR = YES;
				GCC_WARN_UNINITIALIZED_AUTOS = YES_AGGRESSIVE;
				GCC_WARN_UNUSED_FUNCTION = YES;
				GCC_WARN_UNUSED_VARIABLE = YES;
				IPHONEOS_DEPLOYMENT_TARGET = 9.3;
				MTL_ENABLE_DEBUG_INFO = NO;
				SDKROOT = iphoneos;
				TARGETED_DEVICE_FAMILY = "1,2";
				VALIDATE_PRODUCT = YES;
			};
			name = Release;
		};
		3E4C3E2A1D33A8FA00B0DC3F /* Debug */ = {
			isa = XCBuildConfiguration;
			baseConfigurationReference = 9C39AE6E80F48CBF1A0F0290 /* Pods-Phototest.debug.xcconfig */;
			buildSettings = {
				ASSETCATALOG_COMPILER_APPICON_NAME = AppIcon;
				GCC_PREFIX_HEADER = Phototest/SupportingFiles/PrefixHeader.pch;
				INFOPLIST_FILE = Phototest/SupportingFiles/Info.plist;
				IPHONEOS_DEPLOYMENT_TARGET = 8.0;
				LD_RUNPATH_SEARCH_PATHS = "$(inherited) @executable_path/Frameworks";
				PRODUCT_BUNDLE_IDENTIFIER = com.home.work.Phototest;
				PRODUCT_NAME = "$(TARGET_NAME)";
			};
			name = Debug;
		};
		3E4C3E2B1D33A8FA00B0DC3F /* Release */ = {
			isa = XCBuildConfiguration;
			baseConfigurationReference = 52EBE9F69F95D32D281187C0 /* Pods-Phototest.release.xcconfig */;
			buildSettings = {
				ASSETCATALOG_COMPILER_APPICON_NAME = AppIcon;
				GCC_PREFIX_HEADER = Phototest/SupportingFiles/PrefixHeader.pch;
				INFOPLIST_FILE = Phototest/SupportingFiles/Info.plist;
				IPHONEOS_DEPLOYMENT_TARGET = 8.0;
				LD_RUNPATH_SEARCH_PATHS = "$(inherited) @executable_path/Frameworks";
				PRODUCT_BUNDLE_IDENTIFIER = com.home.work.Phototest;
				PRODUCT_NAME = "$(TARGET_NAME)";
			};
			name = Release;
		};
/* End XCBuildConfiguration section */

/* Begin XCConfigurationList section */
		3E4C3E0D1D33A8FA00B0DC3F /* Build configuration list for PBXProject "Phototest" */ = {
			isa = XCConfigurationList;
			buildConfigurations = (
				3E4C3E271D33A8FA00B0DC3F /* Debug */,
				3E4C3E281D33A8FA00B0DC3F /* Release */,
			);
			defaultConfigurationIsVisible = 0;
			defaultConfigurationName = Release;
		};
		3E4C3E291D33A8FA00B0DC3F /* Build configuration list for PBXNativeTarget "Phototest" */ = {
			isa = XCConfigurationList;
			buildConfigurations = (
				3E4C3E2A1D33A8FA00B0DC3F /* Debug */,
				3E4C3E2B1D33A8FA00B0DC3F /* Release */,
			);
			defaultConfigurationIsVisible = 0;
			defaultConfigurationName = Release;
		};
/* End XCConfigurationList section */
	};
	rootObject = 3E4C3E0A1D33A8FA00B0DC3F /* Project object */;
}
